
Microsoft Visual Studio Solution File, Format Version 12.00
# Visual Studio Version 17
VisualStudioVersion = 17.9.34728.123
MinimumVisualStudioVersion = 10.0.40219.1
Project("{FAE04EC0-301F-11D3-BF4B-00C04F79EFBC}") = "TwistedFizzBuzzLibrary", "TwistedFizzBuzzLibrary.csproj", "{8A6F4980-9649-43AD-9321-8C0858526C1C}"
EndProject
Project("{FAE04EC0-301F-11D3-BF4B-00C04F79EFBC}") = "StandardFizzBuzz", "..\StandardFizzBuzz\StandardFizzBuzz.csproj", "{F5D743F7-3A33-493E-BBE0-91D4E126ECE4}"
EndProject
Project("{FAE04EC0-301F-11D3-BF4B-00C04F79EFBC}") = "CustomFizzBuzz", "..\CustomFizzBuzz\CustomFizzBuzz.csproj", "{029989CC-C244-4C17-A3E8-AEF2FAE736CD}"
EndProject
Global
	GlobalSection(SolutionConfigurationPlatforms) = preSolution
		Debug|Any CPU = Debug|Any CPU
		Release|Any CPU = Release|Any CPU
	EndGlobalSection
	GlobalSection(ProjectConfigurationPlatforms) = postSolution
		{8A6F4980-9649-43AD-9321-8C0858526C1C}.Debug|Any CPU.ActiveCfg = Debug|Any CPU
		{8A6F4980-9649-43AD-9321-8C0858526C1C}.Debug|Any CPU.Build.0 = Debug|Any CPU
		{8A6F4980-9649-43AD-9321-8C0858526C1C}.Release|Any CPU.ActiveCfg = Release|Any CPU
		{8A6F4980-9649-43AD-9321-8C0858526C1C}.Release|Any CPU.Build.0 = Release|Any CPU
		{F5D743F7-3A33-493E-BBE0-91D4E126ECE4}.Debug|Any CPU.ActiveCfg = Debug|Any CPU
		{F5D743F7-3A33-493E-BBE0-91D4E126ECE4}.Debug|Any CPU.Build.0 = Debug|Any CPU
		{F5D743F7-3A33-493E-BBE0-91D4E126ECE4}.Release|Any CPU.ActiveCfg = Release|Any CPU
		{F5D743F7-3A33-493E-BBE0-91D4E126ECE4}.Release|Any CPU.Build.0 = Release|Any CPU
		{029989CC-C244-4C17-A3E8-AEF2FAE736CD}.Debug|Any CPU.ActiveCfg = Debug|Any CPU
		{029989CC-C244-4C17-A3E8-AEF2FAE736CD}.Debug|Any CPU.Build.0 = Debug|Any CPU
		{029989CC-C244-4C17-A3E8-AEF2FAE736CD}.Release|Any CPU.ActiveCfg = Release|Any CPU
		{029989CC-C244-4C17-A3E8-AEF2FAE736CD}.Release|Any CPU.Build.0 = Release|Any CPU
	EndGlobalSection
	GlobalSection(SolutionProperties) = preSolution
		HideSolutionNode = FALSE
	EndGlobalSection
	GlobalSection(ExtensibilityGlobals) = postSolution
		SolutionGuid = {C1A9969B-94C7-4872-8198-E6CDCA3EB497}
	EndGlobalSection
EndGlobal
